
Microsoft Visual Studio Solution File, Format Version 12.00
# Visual Studio Version 17
VisualStudioVersion = 17.6.33829.357
MinimumVisualStudioVersion = 10.0.40219.1
Project("{9A19103F-16F7-4668-BE54-9A1E7A4F7556}") = "first", "first\first.csproj", "{049D59C7-3800-43E3-96AB-DEE72B7B6F5D}"
EndProject
Project("{9A19103F-16F7-4668-BE54-9A1E7A4F7556}") = "exercicios", "exercicios\exercicios.csproj", "{9446700E-5AAB-48BD-807D-888836FAB249}"
EndProject
Project("{FAE04EC0-301F-11D3-BF4B-00C04F79EFBC}") = "second", "second\second.csproj", "{1856F290-1B24-4ED4-ABE1-7A6FB4FF8AE8}"
EndProject
Project("{FAE04EC0-301F-11D3-BF4B-00C04F79EFBC}") = "third", "third\third.csproj", "{E64DC571-A513-4327-852F-8DA45173F7C0}"
EndProject
Project("{FAE04EC0-301F-11D3-BF4B-00C04F79EFBC}") = "Interfaces", "Interfaces\Interfaces.csproj", "{33A9D22B-60F8-4142-9F8E-9E79B0BCD5A0}"
EndProject
Global
	GlobalSection(SolutionConfigurationPlatforms) = preSolution
		Debug|Any CPU = Debug|Any CPU
		Release|Any CPU = Release|Any CPU
	EndGlobalSection
	GlobalSection(ProjectConfigurationPlatforms) = postSolution
		{049D59C7-3800-43E3-96AB-DEE72B7B6F5D}.Debug|Any CPU.ActiveCfg = Debug|Any CPU
		{049D59C7-3800-43E3-96AB-DEE72B7B6F5D}.Debug|Any CPU.Build.0 = Debug|Any CPU
		{049D59C7-3800-43E3-96AB-DEE72B7B6F5D}.Release|Any CPU.ActiveCfg = Release|Any CPU
		{049D59C7-3800-43E3-96AB-DEE72B7B6F5D}.Release|Any CPU.Build.0 = Release|Any CPU
		{9446700E-5AAB-48BD-807D-888836FAB249}.Debug|Any CPU.ActiveCfg = Debug|Any CPU
		{9446700E-5AAB-48BD-807D-888836FAB249}.Debug|Any CPU.Build.0 = Debug|Any CPU
		{9446700E-5AAB-48BD-807D-888836FAB249}.Release|Any CPU.ActiveCfg = Release|Any CPU
		{9446700E-5AAB-48BD-807D-888836FAB249}.Release|Any CPU.Build.0 = Release|Any CPU
		{1856F290-1B24-4ED4-ABE1-7A6FB4FF8AE8}.Debug|Any CPU.ActiveCfg = Debug|Any CPU
		{1856F290-1B24-4ED4-ABE1-7A6FB4FF8AE8}.Debug|Any CPU.Build.0 = Debug|Any CPU
		{1856F290-1B24-4ED4-ABE1-7A6FB4FF8AE8}.Release|Any CPU.ActiveCfg = Release|Any CPU
		{1856F290-1B24-4ED4-ABE1-7A6FB4FF8AE8}.Release|Any CPU.Build.0 = Release|Any CPU
		{E64DC571-A513-4327-852F-8DA45173F7C0}.Debug|Any CPU.ActiveCfg = Debug|Any CPU
		{E64DC571-A513-4327-852F-8DA45173F7C0}.Debug|Any CPU.Build.0 = Debug|Any CPU
		{E64DC571-A513-4327-852F-8DA45173F7C0}.Release|Any CPU.ActiveCfg = Release|Any CPU
		{E64DC571-A513-4327-852F-8DA45173F7C0}.Release|Any CPU.Build.0 = Release|Any CPU
		{33A9D22B-60F8-4142-9F8E-9E79B0BCD5A0}.Debug|Any CPU.ActiveCfg = Debug|Any CPU
		{33A9D22B-60F8-4142-9F8E-9E79B0BCD5A0}.Debug|Any CPU.Build.0 = Debug|Any CPU
		{33A9D22B-60F8-4142-9F8E-9E79B0BCD5A0}.Release|Any CPU.ActiveCfg = Release|Any CPU
		{33A9D22B-60F8-4142-9F8E-9E79B0BCD5A0}.Release|Any CPU.Build.0 = Release|Any CPU
	EndGlobalSection
	GlobalSection(SolutionProperties) = preSolution
		HideSolutionNode = FALSE
	EndGlobalSection
	GlobalSection(ExtensibilityGlobals) = postSolution
		SolutionGuid = {1C3660AB-C929-4B75-8BB4-E6543DF0EAEF}
	EndGlobalSection
EndGlobal
